
Microsoft Visual Studio Solution File, Format Version 12.00
# Visual Studio 2012
Project("{FAE04EC0-301F-11D3-BF4B-00C04F79EFBC}") = "ProtoTest.Specter", "ProtoTest.Specter.csproj", "{5D82A9F7-0539-42AE-8ABF-D869C497D2A7}"
EndProject
Project("{2150E333-8FDC-42A3-9474-1A3956D46DE8}") = ".nuget", ".nuget", "{AB2555F4-B725-43E5-8FB3-6C81575C1390}"
	ProjectSection(SolutionItems) = preProject
		.nuget\packages.config = .nuget\packages.config
	EndProjectSection
EndProject
Project("{2150E333-8FDC-42A3-9474-1A3956D46DE8}") = "Solution Items", "Solution Items", "{B4D321F5-B7C6-4AC5-ABD1-5446421C3315}"
EndProject
Global
	GlobalSection(SolutionConfigurationPlatforms) = preSolution
		Debug|Any CPU = Debug|Any CPU
		Release|Any CPU = Release|Any CPU
	EndGlobalSection
	GlobalSection(ProjectConfigurationPlatforms) = postSolution
		{5D82A9F7-0539-42AE-8ABF-D869C497D2A7}.Debug|Any CPU.ActiveCfg = Debug|Any CPU
		{5D82A9F7-0539-42AE-8ABF-D869C497D2A7}.Debug|Any CPU.Build.0 = Debug|Any CPU
		{5D82A9F7-0539-42AE-8ABF-D869C497D2A7}.Release|Any CPU.ActiveCfg = Release|Any CPU
		{5D82A9F7-0539-42AE-8ABF-D869C497D2A7}.Release|Any CPU.Build.0 = Release|Any CPU
	EndGlobalSection
	GlobalSection(SolutionProperties) = preSolution
		HideSolutionNode = FALSE
	EndGlobalSection
EndGlobal
